<?xml version="1.0" encoding="utf-8"?>
<Project ToolsVersion="4.0" xmlns="http://schemas.microsoft.com/developer/msbuild/2003">
  <ItemGroup>
    <Filter Include="Source Files">
      <UniqueIdentifier>{4FC737F1-C7A5-4376-A066-2A32D752A2FF}</UniqueIdentifier>
      <Extensions>qml;cpp;c;cc;cxx;def;odl;idl;hpj;bat;asm;asmx</Extensions>
    </Filter>
    <Filter Include="Header Files">
      <UniqueIdentifier>{93995380-89BD-4b04-88EB-625FBE52EBFB}</UniqueIdentifier>
      <Extensions>h;hh;hpp;hxx;hm;inl;inc;xsd</Extensions>
    </Filter>
    <Filter Include="Resource Files">
      <UniqueIdentifier>{67DA6AB6-F800-4c08-8B7A-83BB121AAD01}</UniqueIdentifier>
      <Extensions>qrc;rc;ico;cur;bmp;dlg;rc2;rct;bin;rgs;gif;jpg;jpeg;jpe;resx;tiff;tif;png;wav;mfcribbon-ms</Extensions>
    </Filter>
    <Filter Include="Form Files">
      <UniqueIdentifier>{99349809-55BA-4b9d-BF79-8FDBB0286EB3}</UniqueIdentifier>
      <Extensions>ui</Extensions>
    </Filter>
    <Filter Include="Translation Files">
      <UniqueIdentifier>{639EADAA-A684-42e4-A9AD-28FC9BCB8F7C}</UniqueIdentifier>
      <Extensions>ts</Extensions>
    </Filter>
  </ItemGroup>
  <ItemGroup>
    <ClCompile Include="main.cpp">
      <Filter>Source Files</Filter>
    </ClCompile>
    <QtRcc Include="qml.qrc">
      <Filter>Resource Files</Filter>
    </QtRcc>
    <None Include="main.qml">
      <Filter>Source Files</Filter>
    </None>
    <ClCompile Include="MIT.original\MIT\MIT.c">
      <Filter>Source Files</Filter>
    </ClCompile>
    <ClCompile Include="MIT.original\MIT\stopMIT.c">
      <Filter>Source Files</Filter>
    </ClCompile>
    <ClCompile Include="GNUC\posix\_exit.c">
      <Filter>Source Files</Filter>
    </ClCompile>
    <ClCompile Include="GNUC\posix\_Fork.c">
      <Filter>Source Files</Filter>
    </ClCompile>
    <ClCompile Include="GNUC\posix\alarm.c">
      <Filter>Source Files</Filter>
    </ClCompile>
    <ClCompile Include="GNUC\posix\annexc.c">
      <Filter>Source Files</Filter>
    </ClCompile>
    <ClCompile Include="GNUC\posix\bsd-getpgrp.c">
      <Filter>Source Files</Filter>
    </ClCompile>
    <ClCompile Include="GNUC\posix\bug-ga1.c">
      <Filter>Source Files</Filter>
    </ClCompile>
    <ClCompile Include="GNUC\posix\bug-ga2.c">
      <Filter>Source Files</Filter>
    </ClCompile>
    <ClCompile Include="GNUC\posix\bug-getopt1.c">
      <Filter>Source Files</Filter>
    </ClCompile>
    <ClCompile Include="GNUC\posix\bug-getopt2.c">
      <Filter>Source Files</Filter>
    </ClCompile>
    <ClCompile Include="GNUC\posix\bug-getopt3.c">
      <Filter>Source Files</Filter>
    </ClCompile>
    <ClCompile Include="GNUC\posix\bug-getopt4.c">
      <Filter>Source Files</Filter>
    </ClCompile>
    <ClCompile Include="GNUC\posix\bug-getopt5.c">
      <Filter>Source Files</Filter>
    </ClCompile>
    <ClCompile Include="GNUC\posix\bug-glob2.c">
      <Filter>Source Files</Filter>
    </ClCompile>
    <ClCompile Include="GNUC\posix\bug-glob3.c">
      <Filter>Source Files</Filter>
    </ClCompile>
    <ClCompile Include="GNUC\posix\bug-regex1.c">
      <Filter>Source Files</Filter>
    </ClCompile>
    <ClCompile Include="GNUC\posix\bug-regex2.c">
      <Filter>Source Files</Filter>
    </ClCompile>
    <ClCompile Include="GNUC\posix\bug-regex3.c">
      <Filter>Source Files</Filter>
    </ClCompile>
    <ClCompile Include="GNUC\posix\bug-regex4.c">
      <Filter>Source Files</Filter>
    </ClCompile>
    <ClCompile Include="GNUC\posix\bug-regex5.c">
      <Filter>Source Files</Filter>
    </ClCompile>
    <ClCompile Include="GNUC\posix\bug-regex6.c">
      <Filter>Source Files</Filter>
    </ClCompile>
    <ClCompile Include="GNUC\posix\bug-regex7.c">
      <Filter>Source Files</Filter>
    </ClCompile>
    <ClCompile Include="GNUC\posix\bug-regex8.c">
      <Filter>Source Files</Filter>
    </ClCompile>
    <ClCompile Include="GNUC\posix\bug-regex9.c">
      <Filter>Source Files</Filter>
    </ClCompile>
    <ClCompile Include="GNUC\posix\bug-regex10.c">
      <Filter>Source Files</Filter>
    </ClCompile>
    <ClCompile Include="GNUC\posix\bug-regex11.c">
      <Filter>Source Files</Filter>
    </ClCompile>
    <ClCompile Include="GNUC\posix\bug-regex12.c">
      <Filter>Source Files</Filter>
    </ClCompile>
    <ClCompile Include="GNUC\posix\bug-regex13.c">
      <Filter>Source Files</Filter>
    </ClCompile>
    <ClCompile Include="GNUC\posix\bug-regex14.c">
      <Filter>Source Files</Filter>
    </ClCompile>
    <ClCompile Include="GNUC\posix\bug-regex15.c">
      <Filter>Source Files</Filter>
    </ClCompile>
    <ClCompile Include="GNUC\posix\bug-regex16.c">
      <Filter>Source Files</Filter>
    </ClCompile>
    <ClCompile Include="GNUC\posix\bug-regex17.c">
      <Filter>Source Files</Filter>
    </ClCompile>
    <ClCompile Include="GNUC\posix\bug-regex18.c">
      <Filter>Source Files</Filter>
    </ClCompile>
    <ClCompile Include="GNUC\posix\bug-regex19.c">
      <Filter>Source Files</Filter>
    </ClCompile>
    <ClCompile Include="GNUC\posix\bug-regex20.c">
      <Filter>Source Files</Filter>
    </ClCompile>
    <ClCompile Include="GNUC\posix\bug-regex21.c">
      <Filter>Source Files</Filter>
    </ClCompile>
    <ClCompile Include="GNUC\posix\bug-regex22.c">
      <Filter>Source Files</Filter>
    </ClCompile>
    <ClCompile Include="GNUC\posix\bug-regex23.c">
      <Filter>Source Files</Filter>
    </ClCompile>
    <ClCompile Include="GNUC\posix\bug-regex24.c">
      <Filter>Source Files</Filter>
    </ClCompile>
    <ClCompile Include="GNUC\posix\bug-regex25.c">
      <Filter>Source Files</Filter>
    </ClCompile>
    <ClCompile Include="GNUC\posix\bug-regex26.c">
      <Filter>Source Files</Filter>
    </ClCompile>
    <ClCompile Include="GNUC\posix\bug-regex27.c">
      <Filter>Source Files</Filter>
    </ClCompile>
    <ClCompile Include="GNUC\posix\bug-regex28.c">
      <Filter>Source Files</Filter>
    </ClCompile>
    <ClCompile Include="GNUC\posix\bug-regex29.c">
      <Filter>Source Files</Filter>
    </ClCompile>
    <ClCompile Include="GNUC\posix\bug-regex30.c">
      <Filter>Source Files</Filter>
    </ClCompile>
    <ClCompile Include="GNUC\posix\bug-regex31.c">
      <Filter>Source Files</Filter>
    </ClCompile>
    <ClCompile Include="GNUC\posix\bug-regex32.c">
      <Filter>Source Files</Filter>
    </ClCompile>
    <ClCompile Include="GNUC\posix\bug-regex33.c">
      <Filter>Source Files</Filter>
    </ClCompile>
    <ClCompile Include="GNUC\posix\bug-regex34.c">
      <Filter>Source Files</Filter>
    </ClCompile>
    <ClCompile Include="GNUC\posix\bug-regex35.c">
      <Filter>Source Files</Filter>
    </ClCompile>
    <ClCompile Include="GNUC\posix\bug-regex36.c">
      <Filter>Source Files</Filter>
    </ClCompile>
    <ClCompile Include="GNUC\posix\bug-regex37.c">
      <Filter>Source Files</Filter>
    </ClCompile>
    <ClCompile Include="GNUC\posix\bug-regex38.c">
      <Filter>Source Files</Filter>
    </ClCompile>
    <ClCompile Include="GNUC\posix\confstr.c">
      <Filter>Source Files</Filter>
    </ClCompile>
    <ClCompile Include="GNUC\posix\environ.c">
      <Filter>Source Files</Filter>
    </ClCompile>
    <ClCompile Include="GNUC\posix\execl.c">
      <Filter>Source Files</Filter>
    </ClCompile>
    <ClCompile Include="GNUC\posix\execle.c">
      <Filter>Source Files</Filter>
    </ClCompile>
    <ClCompile Include="GNUC\posix\execlp.c">
      <Filter>Source Files</Filter>
    </ClCompile>
    <ClCompile Include="GNUC\posix\execv.c">
      <Filter>Source Files</Filter>
    </ClCompile>
    <ClCompile Include="GNUC\posix\execve.c">
      <Filter>Source Files</Filter>
    </ClCompile>
    <ClCompile Include="GNUC\posix\execveat.c">
      <Filter>Source Files</Filter>
    </ClCompile>
    <ClCompile Include="GNUC\posix\execvp.c">
      <Filter>Source Files</Filter>
    </ClCompile>
    <ClCompile Include="GNUC\posix\execvpe.c">
      <Filter>Source Files</Filter>
    </ClCompile>
    <ClCompile Include="GNUC\posix\fexecve.c">
      <Filter>Source Files</Filter>
    </ClCompile>
    <ClCompile Include="GNUC\posix\fnmatch.c">
      <Filter>Source Files</Filter>
    </ClCompile>
    <ClCompile Include="GNUC\posix\fnmatch_loop.c">
      <Filter>Source Files</Filter>
    </ClCompile>
    <ClCompile Include="GNUC\posix\fork.c">
      <Filter>Source Files</Filter>
    </ClCompile>
    <ClCompile Include="GNUC\posix\fpathconf.c">
      <Filter>Source Files</Filter>
    </ClCompile>
    <ClCompile Include="GNUC\posix\gai_strerror.c">
      <Filter>Source Files</Filter>
    </ClCompile>
    <ClCompile Include="GNUC\posix\get_child_max.c">
      <Filter>Source Files</Filter>
    </ClCompile>
    <ClCompile Include="GNUC\posix\getaddrinfo.c">
      <Filter>Source Files</Filter>
    </ClCompile>
    <ClCompile Include="GNUC\posix\getconf.c">
      <Filter>Source Files</Filter>
    </ClCompile>
    <ClCompile Include="GNUC\posix\getconf-speclist.c">
      <Filter>Source Files</Filter>
    </ClCompile>
    <ClCompile Include="GNUC\posix\getegid.c">
      <Filter>Source Files</Filter>
    </ClCompile>
    <ClCompile Include="GNUC\posix\geteuid.c">
      <Filter>Source Files</Filter>
    </ClCompile>
    <ClCompile Include="GNUC\posix\getgid.c">
      <Filter>Source Files</Filter>
    </ClCompile>
    <ClCompile Include="GNUC\posix\getgroups.c">
      <Filter>Source Files</Filter>
    </ClCompile>
    <ClCompile Include="GNUC\posix\getopt.c">
      <Filter>Source Files</Filter>
    </ClCompile>
    <ClCompile Include="GNUC\posix\getopt1.c">
      <Filter>Source Files</Filter>
    </ClCompile>
    <ClCompile Include="GNUC\posix\getpgid.c">
      <Filter>Source Files</Filter>
    </ClCompile>
    <ClCompile Include="GNUC\posix\getpgrp.c">
      <Filter>Source Files</Filter>
    </ClCompile>
    <ClCompile Include="GNUC\posix\getpid.c">
      <Filter>Source Files</Filter>
    </ClCompile>
    <ClCompile Include="GNUC\posix\getppid.c">
      <Filter>Source Files</Filter>
    </ClCompile>
    <ClCompile Include="GNUC\posix\getresgid.c">
      <Filter>Source Files</Filter>
    </ClCompile>
    <ClCompile Include="GNUC\posix\getresuid.c">
      <Filter>Source Files</Filter>
    </ClCompile>
    <ClCompile Include="GNUC\posix\getsid.c">
      <Filter>Source Files</Filter>
    </ClCompile>
    <ClCompile Include="GNUC\posix\getuid.c">
      <Filter>Source Files</Filter>
    </ClCompile>
    <ClCompile Include="GNUC\posix\glob.c">
      <Filter>Source Files</Filter>
    </ClCompile>
    <ClCompile Include="GNUC\posix\glob_pattern_p.c">
      <Filter>Source Files</Filter>
    </ClCompile>
    <ClCompile Include="GNUC\posix\glob64.c">
      <Filter>Source Files</Filter>
    </ClCompile>
    <ClCompile Include="GNUC\posix\glob64-lstat-compat.c">
      <Filter>Source Files</Filter>
    </ClCompile>
    <ClCompile Include="GNUC\posix\glob64-time64.c">
      <Filter>Source Files</Filter>
    </ClCompile>
    <ClCompile Include="GNUC\posix\globfree.c">
      <Filter>Source Files</Filter>
    </ClCompile>
    <ClCompile Include="GNUC\posix\globfree64.c">
      <Filter>Source Files</Filter>
    </ClCompile>
    <ClCompile Include="GNUC\posix\globfree64-time64.c">
      <Filter>Source Files</Filter>
    </ClCompile>
    <ClCompile Include="GNUC\posix\glob-lstat-compat.c">
      <Filter>Source Files</Filter>
    </ClCompile>
    <ClCompile Include="GNUC\posix\globtest.c">
      <Filter>Source Files</Filter>
    </ClCompile>
    <ClCompile Include="GNUC\posix\group_member.c">
      <Filter>Source Files</Filter>
    </ClCompile>
    <ClCompile Include="GNUC\posix\init-posix.c">
      <Filter>Source Files</Filter>
    </ClCompile>
    <ClCompile Include="GNUC\posix\nanosleep.c">
      <Filter>Source Files</Filter>
    </ClCompile>
    <ClCompile Include="GNUC\posix\pathconf.c">
      <Filter>Source Files</Filter>
    </ClCompile>
    <ClCompile Include="GNUC\posix\pause.c">
      <Filter>Source Files</Filter>
    </ClCompile>
    <ClCompile Include="GNUC\posix\posix_madvise.c">
      <Filter>Source Files</Filter>
    </ClCompile>
    <ClCompile Include="GNUC\posix\pread.c">
      <Filter>Source Files</Filter>
    </ClCompile>
    <ClCompile Include="GNUC\posix\pread64.c">
      <Filter>Source Files</Filter>
    </ClCompile>
    <ClCompile Include="GNUC\posix\pwrite.c">
      <Filter>Source Files</Filter>
    </ClCompile>
    <ClCompile Include="GNUC\posix\pwrite64.c">
      <Filter>Source Files</Filter>
    </ClCompile>
    <ClCompile Include="GNUC\posix\regcomp.c">
      <Filter>Source Files</Filter>
    </ClCompile>
    <ClCompile Include="GNUC\posix\regex.c">
      <Filter>Source Files</Filter>
    </ClCompile>
    <ClCompile Include="GNUC\posix\regex_internal.c">
      <Filter>Source Files</Filter>
    </ClCompile>
    <ClCompile Include="GNUC\posix\regexbug1.c">
      <Filter>Source Files</Filter>
    </ClCompile>
    <ClCompile Include="GNUC\posix\regexec.c">
      <Filter>Source Files</Filter>
    </ClCompile>
    <ClCompile Include="GNUC\posix\register-atfork.c">
      <Filter>Source Files</Filter>
    </ClCompile>
    <ClCompile Include="GNUC\posix\runptests.c">
      <Filter>Source Files</Filter>
    </ClCompile>
    <ClCompile Include="GNUC\posix\runtests.c">
      <Filter>Source Files</Filter>
    </ClCompile>
    <ClCompile Include="GNUC\posix\sched_cpualloc.c">
      <Filter>Source Files</Filter>
    </ClCompile>
    <ClCompile Include="GNUC\posix\sched_cpucount.c">
      <Filter>Source Files</Filter>
    </ClCompile>
    <ClCompile Include="GNUC\posix\sched_cpufree.c">
      <Filter>Source Files</Filter>
    </ClCompile>
    <ClCompile Include="GNUC\posix\sched_getaffinity.c">
      <Filter>Source Files</Filter>
    </ClCompile>
    <ClCompile Include="GNUC\posix\sched_getp.c">
      <Filter>Source Files</Filter>
    </ClCompile>
    <ClCompile Include="GNUC\posix\sched_gets.c">
      <Filter>Source Files</Filter>
    </ClCompile>
    <ClCompile Include="GNUC\posix\sched_primax.c">
      <Filter>Source Files</Filter>
    </ClCompile>
    <ClCompile Include="GNUC\posix\sched_primin.c">
      <Filter>Source Files</Filter>
    </ClCompile>
    <ClCompile Include="GNUC\posix\sched_rr_gi.c">
      <Filter>Source Files</Filter>
    </ClCompile>
    <ClCompile Include="GNUC\posix\sched_setaffinity.c">
      <Filter>Source Files</Filter>
    </ClCompile>
    <ClCompile Include="GNUC\posix\sched_setp.c">
      <Filter>Source Files</Filter>
    </ClCompile>
    <ClCompile Include="GNUC\posix\sched_sets.c">
      <Filter>Source Files</Filter>
    </ClCompile>
    <ClCompile Include="GNUC\posix\sched_yield.c">
      <Filter>Source Files</Filter>
    </ClCompile>
    <ClCompile Include="GNUC\posix\setgid.c">
      <Filter>Source Files</Filter>
    </ClCompile>
    <ClCompile Include="GNUC\posix\setpgid.c">
      <Filter>Source Files</Filter>
    </ClCompile>
    <ClCompile Include="GNUC\posix\setpgrp.c">
      <Filter>Source Files</Filter>
    </ClCompile>
    <ClCompile Include="GNUC\posix\setresgid.c">
      <Filter>Source Files</Filter>
    </ClCompile>
    <ClCompile Include="GNUC\posix\setresuid.c">
      <Filter>Source Files</Filter>
    </ClCompile>
    <ClCompile Include="GNUC\posix\setsid.c">
      <Filter>Source Files</Filter>
    </ClCompile>
    <ClCompile Include="GNUC\posix\setuid.c">
      <Filter>Source Files</Filter>
    </ClCompile>
    <ClCompile Include="GNUC\posix\shm-directory.c">
      <Filter>Source Files</Filter>
    </ClCompile>
    <ClCompile Include="GNUC\posix\sleep.c">
      <Filter>Source Files</Filter>
    </ClCompile>
    <ClCompile Include="GNUC\posix\spawn.c">
      <Filter>Source Files</Filter>
    </ClCompile>
    <ClCompile Include="GNUC\posix\spawn_faction_addchdir.c">
      <Filter>Source Files</Filter>
    </ClCompile>
    <ClCompile Include="GNUC\posix\spawn_faction_addclose.c">
      <Filter>Source Files</Filter>
    </ClCompile>
    <ClCompile Include="GNUC\posix\spawn_faction_addclosefrom.c">
      <Filter>Source Files</Filter>
    </ClCompile>
    <ClCompile Include="GNUC\posix\spawn_faction_adddup2.c">
      <Filter>Source Files</Filter>
    </ClCompile>
    <ClCompile Include="GNUC\posix\spawn_faction_addfchdir.c">
      <Filter>Source Files</Filter>
    </ClCompile>
    <ClCompile Include="GNUC\posix\spawn_faction_addopen.c">
      <Filter>Source Files</Filter>
    </ClCompile>
    <ClCompile Include="GNUC\posix\spawn_faction_addtcsetpgrp_np.c">
      <Filter>Source Files</Filter>
    </ClCompile>
    <ClCompile Include="GNUC\posix\spawn_faction_destroy.c">
      <Filter>Source Files</Filter>
    </ClCompile>
    <ClCompile Include="GNUC\posix\spawn_faction_init.c">
      <Filter>Source Files</Filter>
    </ClCompile>
    <ClCompile Include="GNUC\posix\spawn_valid_fd.c">
      <Filter>Source Files</Filter>
    </ClCompile>
    <ClCompile Include="GNUC\posix\spawnattr_destroy.c">
      <Filter>Source Files</Filter>
    </ClCompile>
    <ClCompile Include="GNUC\posix\spawnattr_getdefault.c">
      <Filter>Source Files</Filter>
    </ClCompile>
    <ClCompile Include="GNUC\posix\spawnattr_getflags.c">
      <Filter>Source Files</Filter>
    </ClCompile>
    <ClCompile Include="GNUC\posix\spawnattr_getpgroup.c">
      <Filter>Source Files</Filter>
    </ClCompile>
    <ClCompile Include="GNUC\posix\spawnattr_getschedparam.c">
      <Filter>Source Files</Filter>
    </ClCompile>
    <ClCompile Include="GNUC\posix\spawnattr_getschedpolicy.c">
      <Filter>Source Files</Filter>
    </ClCompile>
    <ClCompile Include="GNUC\posix\spawnattr_getsigmask.c">
      <Filter>Source Files</Filter>
    </ClCompile>
    <ClCompile Include="GNUC\posix\spawnattr_init.c">
      <Filter>Source Files</Filter>
    </ClCompile>
    <ClCompile Include="GNUC\posix\spawnattr_setdefault.c">
      <Filter>Source Files</Filter>
    </ClCompile>
    <ClCompile Include="GNUC\posix\spawnattr_setflags.c">
      <Filter>Source Files</Filter>
    </ClCompile>
    <ClCompile Include="GNUC\posix\spawnattr_setpgroup.c">
      <Filter>Source Files</Filter>
    </ClCompile>
    <ClCompile Include="GNUC\posix\spawnattr_setschedparam.c">
      <Filter>Source Files</Filter>
    </ClCompile>
    <ClCompile Include="GNUC\posix\spawnattr_setschedpolicy.c">
      <Filter>Source Files</Filter>
    </ClCompile>
    <ClCompile Include="GNUC\posix\spawnattr_setsigmask.c">
      <Filter>Source Files</Filter>
    </ClCompile>
    <ClCompile Include="GNUC\posix\spawni.c">
      <Filter>Source Files</Filter>
    </ClCompile>
    <ClCompile Include="GNUC\posix\spawnp.c">
      <Filter>Source Files</Filter>
    </ClCompile>
    <ClCompile Include="GNUC\posix\streams-compat.c">
      <Filter>Source Files</Filter>
    </ClCompile>
    <ClCompile Include="GNUC\posix\sysconf.c">
      <Filter>Source Files</Filter>
    </ClCompile>
    <ClCompile Include="GNUC\posix\test-errno.c">
      <Filter>Source Files</Filter>
    </ClCompile>
    <ClCompile Include="GNUC\posix\testfnm.c">
      <Filter>Source Files</Filter>
    </ClCompile>
    <ClCompile Include="GNUC\posix\test-ssize-max.c">
      <Filter>Source Files</Filter>
    </ClCompile>
    <ClCompile Include="GNUC\posix\test-vfork.c">
      <Filter>Source Files</Filter>
    </ClCompile>
    <ClCompile Include="GNUC\posix\times.c">
      <Filter>Source Files</Filter>
    </ClCompile>
    <ClCompile Include="GNUC\posix\transbug.c">
      <Filter>Source Files</Filter>
    </ClCompile>
    <ClCompile Include="GNUC\posix\tst-_Fork.c">
      <Filter>Source Files</Filter>
    </ClCompile>
    <ClCompile Include="GNUC\posix\tst-boost.c">
      <Filter>Source Files</Filter>
    </ClCompile>
    <ClCompile Include="GNUC\posix\tst-chmod.c">
      <Filter>Source Files</Filter>
    </ClCompile>
    <ClCompile Include="GNUC\posix\tst-cpucount.c">
      <Filter>Source Files</Filter>
    </ClCompile>
    <ClCompile Include="GNUC\posix\tst-cpuset.c">
      <Filter>Source Files</Filter>
    </ClCompile>
    <ClCompile Include="GNUC\posix\tst-dir.c">
      <Filter>Source Files</Filter>
    </ClCompile>
    <ClCompile Include="GNUC\posix\tst-exec.c">
      <Filter>Source Files</Filter>
    </ClCompile>
    <ClCompile Include="GNUC\posix\tst-execl1.c">
      <Filter>Source Files</Filter>
    </ClCompile>
    <ClCompile Include="GNUC\posix\tst-execl2.c">
      <Filter>Source Files</Filter>
    </ClCompile>
    <ClCompile Include="GNUC\posix\tst-execle1.c">
      <Filter>Source Files</Filter>
    </ClCompile>
    <ClCompile Include="GNUC\posix\tst-execle2.c">
      <Filter>Source Files</Filter>
    </ClCompile>
    <ClCompile Include="GNUC\posix\tst-execlp1.c">
      <Filter>Source Files</Filter>
    </ClCompile>
    <ClCompile Include="GNUC\posix\tst-execlp2.c">
      <Filter>Source Files</Filter>
    </ClCompile>
    <ClCompile Include="GNUC\posix\tst-exec-static.c">
      <Filter>Source Files</Filter>
    </ClCompile>
    <ClCompile Include="GNUC\posix\tst-execv1.c">
      <Filter>Source Files</Filter>
    </ClCompile>
    <ClCompile Include="GNUC\posix\tst-execv2.c">
      <Filter>Source Files</Filter>
    </ClCompile>
    <ClCompile Include="GNUC\posix\tst-execve1.c">
      <Filter>Source Files</Filter>
    </ClCompile>
    <ClCompile Include="GNUC\posix\tst-execve2.c">
      <Filter>Source Files</Filter>
    </ClCompile>
    <ClCompile Include="GNUC\posix\tst-execveat.c">
      <Filter>Source Files</Filter>
    </ClCompile>
    <ClCompile Include="GNUC\posix\tst-execvp1.c">
      <Filter>Source Files</Filter>
    </ClCompile>
    <ClCompile Include="GNUC\posix\tst-execvp2.c">
      <Filter>Source Files</Filter>
    </ClCompile>
    <ClCompile Include="GNUC\posix\tst-execvp3.c">
      <Filter>Source Files</Filter>
    </ClCompile>
    <ClCompile Include="GNUC\posix\tst-execvp4.c">
      <Filter>Source Files</Filter>
    </ClCompile>
    <ClCompile Include="GNUC\posix\tst-execvpe1.c">
      <Filter>Source Files</Filter>
    </ClCompile>
    <ClCompile Include="GNUC\posix\tst-execvpe2.c">
      <Filter>Source Files</Filter>
    </ClCompile>
    <ClCompile Include="GNUC\posix\tst-execvpe3.c">
      <Filter>Source Files</Filter>
    </ClCompile>
    <ClCompile Include="GNUC\posix\tst-execvpe4.c">
      <Filter>Source Files</Filter>
    </ClCompile>
    <ClCompile Include="GNUC\posix\tst-execvpe5.c">
      <Filter>Source Files</Filter>
    </ClCompile>
    <ClCompile Include="GNUC\posix\tst-execvpe6.c">
      <Filter>Source Files</Filter>
    </ClCompile>
    <ClCompile Include="GNUC\posix\tst-fexecve.c">
      <Filter>Source Files</Filter>
    </ClCompile>
    <ClCompile Include="GNUC\posix\tst-fnmatch.c">
      <Filter>Source Files</Filter>
    </ClCompile>
    <ClCompile Include="GNUC\posix\tst-fnmatch2.c">
      <Filter>Source Files</Filter>
    </ClCompile>
    <ClCompile Include="GNUC\posix\tst-fnmatch3.c">
      <Filter>Source Files</Filter>
    </ClCompile>
    <ClCompile Include="GNUC\posix\tst-fnmatch4.c">
      <Filter>Source Files</Filter>
    </ClCompile>
    <ClCompile Include="GNUC\posix\tst-fnmatch5.c">
      <Filter>Source Files</Filter>
    </ClCompile>
    <ClCompile Include="GNUC\posix\tst-fnmatch6.c">
      <Filter>Source Files</Filter>
    </ClCompile>
    <ClCompile Include="GNUC\posix\tst-fnmatch7.c">
      <Filter>Source Files</Filter>
    </ClCompile>
    <ClCompile Include="GNUC\posix\tst-fork.c">
      <Filter>Source Files</Filter>
    </ClCompile>
    <ClCompile Include="GNUC\posix\tst-getaddrinfo.c">
      <Filter>Source Files</Filter>
    </ClCompile>
    <ClCompile Include="GNUC\posix\tst-getaddrinfo2.c">
      <Filter>Source Files</Filter>
    </ClCompile>
    <ClCompile Include="GNUC\posix\tst-getaddrinfo3.c">
      <Filter>Source Files</Filter>
    </ClCompile>
    <ClCompile Include="GNUC\posix\tst-getaddrinfo4.c">
      <Filter>Source Files</Filter>
    </ClCompile>
    <ClCompile Include="GNUC\posix\tst-getaddrinfo5.c">
      <Filter>Source Files</Filter>
    </ClCompile>
    <ClCompile Include="GNUC\posix\tstgetopt.c">
      <Filter>Source Files</Filter>
    </ClCompile>
    <ClCompile Include="GNUC\posix\tst-getopt_long1.c">
      <Filter>Source Files</Filter>
    </ClCompile>
    <ClCompile Include="GNUC\posix\tst-getopt-cancel.c">
      <Filter>Source Files</Filter>
    </ClCompile>
    <ClCompile Include="GNUC\posix\tst-glob_lstat_compat.c">
      <Filter>Source Files</Filter>
    </ClCompile>
    <ClCompile Include="GNUC\posix\tst-glob_symlinks.c">
      <Filter>Source Files</Filter>
    </ClCompile>
    <ClCompile Include="GNUC\posix\tst-glob-tilde.c">
      <Filter>Source Files</Filter>
    </ClCompile>
    <ClCompile Include="GNUC\posix\tst-gnuglob.c">
      <Filter>Source Files</Filter>
    </ClCompile>
    <ClCompile Include="GNUC\posix\tst-gnuglob64.c">
      <Filter>Source Files</Filter>
    </ClCompile>
    <ClCompile Include="GNUC\posix\tst-gnuglob64-time64.c">
      <Filter>Source Files</Filter>
    </ClCompile>
    <ClCompile Include="GNUC\posix\tst-gnuglob-skeleton.c">
      <Filter>Source Files</Filter>
    </ClCompile>
    <ClCompile Include="GNUC\posix\tst-mmap.c">
      <Filter>Source Files</Filter>
    </ClCompile>
    <ClCompile Include="GNUC\posix\tst-mmap-offset.c">
      <Filter>Source Files</Filter>
    </ClCompile>
    <ClCompile Include="GNUC\posix\tst-nanosleep.c">
      <Filter>Source Files</Filter>
    </ClCompile>
    <ClCompile Include="GNUC\posix\tst-nice.c">
      <Filter>Source Files</Filter>
    </ClCompile>
    <ClCompile Include="GNUC\posix\tst-pathconf.c">
      <Filter>Source Files</Filter>
    </ClCompile>
    <ClCompile Include="GNUC\posix\tst-pcre.c">
      <Filter>Source Files</Filter>
    </ClCompile>
    <ClCompile Include="GNUC\posix\tst-posix_fadvise.c">
      <Filter>Source Files</Filter>
    </ClCompile>
    <ClCompile Include="GNUC\posix\tst-posix_fadvise64.c">
      <Filter>Source Files</Filter>
    </ClCompile>
    <ClCompile Include="GNUC\posix\tst-posix_fadvise-common.c">
      <Filter>Source Files</Filter>
    </ClCompile>
    <ClCompile Include="GNUC\posix\tst-posix_spawn-fd.c">
      <Filter>Source Files</Filter>
    </ClCompile>
    <ClCompile Include="GNUC\posix\tst-posix_spawn-setsid.c">
      <Filter>Source Files</Filter>
    </ClCompile>
    <ClCompile Include="GNUC\posix\tst-preadwrite.c">
      <Filter>Source Files</Filter>
    </ClCompile>
    <ClCompile Include="GNUC\posix\tst-preadwrite64.c">
      <Filter>Source Files</Filter>
    </ClCompile>
    <ClCompile Include="GNUC\posix\tst-preadwrite-common.c">
      <Filter>Source Files</Filter>
    </ClCompile>
    <ClCompile Include="GNUC\posix\tst-regcomp-truncated.c">
      <Filter>Source Files</Filter>
    </ClCompile>
    <ClCompile Include="GNUC\posix\tst-regex.c">
      <Filter>Source Files</Filter>
    </ClCompile>
    <ClCompile Include="GNUC\posix\tst-regex2.c">
      <Filter>Source Files</Filter>
    </ClCompile>
    <ClCompile Include="GNUC\posix\tst-regexloc.c">
      <Filter>Source Files</Filter>
    </ClCompile>
    <ClCompile Include="GNUC\posix\tst-rfc3484.c">
      <Filter>Source Files</Filter>
    </ClCompile>
    <ClCompile Include="GNUC\posix\tst-rfc3484-2.c">
      <Filter>Source Files</Filter>
    </ClCompile>
    <ClCompile Include="GNUC\posix\tst-rfc3484-3.c">
      <Filter>Source Files</Filter>
    </ClCompile>
    <ClCompile Include="GNUC\posix\tst-rxspencer.c">
      <Filter>Source Files</Filter>
    </ClCompile>
    <ClCompile Include="GNUC\posix\tst-rxspencer-no-utf8.c">
      <Filter>Source Files</Filter>
    </ClCompile>
    <ClCompile Include="GNUC\posix\tst-sched_getaffinity.c">
      <Filter>Source Files</Filter>
    </ClCompile>
    <ClCompile Include="GNUC\posix\tst-sched_rr_get_interval.c">
      <Filter>Source Files</Filter>
    </ClCompile>
    <ClCompile Include="GNUC\posix\tst-sched_rr_get_interval-time64.c">
      <Filter>Source Files</Filter>
    </ClCompile>
    <ClCompile Include="GNUC\posix\tst-spawn.c">
      <Filter>Source Files</Filter>
    </ClCompile>
    <ClCompile Include="GNUC\posix\tst-spawn2.c">
      <Filter>Source Files</Filter>
    </ClCompile>
    <ClCompile Include="GNUC\posix\tst-spawn3.c">
      <Filter>Source Files</Filter>
    </ClCompile>
    <ClCompile Include="GNUC\posix\tst-spawn4.c">
      <Filter>Source Files</Filter>
    </ClCompile>
    <ClCompile Include="GNUC\posix\tst-spawn4-compat.c">
      <Filter>Source Files</Filter>
    </ClCompile>
    <ClCompile Include="GNUC\posix\tst-spawn5.c">
      <Filter>Source Files</Filter>
    </ClCompile>
    <ClCompile Include="GNUC\posix\tst-spawn6.c">
      <Filter>Source Files</Filter>
    </ClCompile>
    <ClCompile Include="GNUC\posix\tst-spawn-chdir.c">
      <Filter>Source Files</Filter>
    </ClCompile>
    <ClCompile Include="GNUC\posix\tst-spawn-static.c">
      <Filter>Source Files</Filter>
    </ClCompile>
    <ClCompile Include="GNUC\posix\tst-sysconf.c">
      <Filter>Source Files</Filter>
    </ClCompile>
    <ClCompile Include="GNUC\posix\tst-sysconf-empty-chroot.c">
      <Filter>Source Files</Filter>
    </ClCompile>
    <ClCompile Include="GNUC\posix\tst-truncate.c">
      <Filter>Source Files</Filter>
    </ClCompile>
    <ClCompile Include="GNUC\posix\tst-truncate64.c">
      <Filter>Source Files</Filter>
    </ClCompile>
    <ClCompile Include="GNUC\posix\tst-truncate-common.c">
      <Filter>Source Files</Filter>
    </ClCompile>
    <ClCompile Include="GNUC\posix\tst-vfork1.c">
      <Filter>Source Files</Filter>
    </ClCompile>
    <ClCompile Include="GNUC\posix\tst-vfork2.c">
      <Filter>Source Files</Filter>
    </ClCompile>
    <ClCompile Include="GNUC\posix\tst-vfork3.c">
      <Filter>Source Files</Filter>
    </ClCompile>
    <ClCompile Include="GNUC\posix\tst-wait3.c">
      <Filter>Source Files</Filter>
    </ClCompile>
    <ClCompile Include="GNUC\posix\tst-wait3-time64.c">
      <Filter>Source Files</Filter>
    </ClCompile>
    <ClCompile Include="GNUC\posix\tst-wait4.c">
      <Filter>Source Files</Filter>
    </ClCompile>
    <ClCompile Include="GNUC\posix\tst-wait4-time64.c">
      <Filter>Source Files</Filter>
    </ClCompile>
    <ClCompile Include="GNUC\posix\tst-waitid.c">
      <Filter>Source Files</Filter>
    </ClCompile>
    <ClCompile Include="GNUC\posix\tst-wait-skeleton.c">
      <Filter>Source Files</Filter>
    </ClCompile>
    <ClCompile Include="GNUC\posix\tst-wordexp-nocmd.c">
      <Filter>Source Files</Filter>
    </ClCompile>
    <ClCompile Include="GNUC\posix\uname.c">
      <Filter>Source Files</Filter>
    </ClCompile>
    <ClCompile Include="GNUC\posix\vfork.c">
      <Filter>Source Files</Filter>
    </ClCompile>
    <ClCompile Include="GNUC\posix\wait.c">
      <Filter>Source Files</Filter>
    </ClCompile>
    <ClCompile Include="GNUC\posix\wait3.c">
      <Filter>Source Files</Filter>
    </ClCompile>
    <ClCompile Include="GNUC\posix\wait4.c">
      <Filter>Source Files</Filter>
    </ClCompile>
    <ClCompile Include="GNUC\posix\waitid.c">
      <Filter>Source Files</Filter>
    </ClCompile>
    <ClCompile Include="GNUC\posix\waitpid.c">
      <Filter>Source Files</Filter>
    </ClCompile>
    <ClCompile Include="GNUC\posix\wordexp.c">
      <Filter>Source Files</Filter>
    </ClCompile>
    <ClCompile Include="GNUC\posix\wordexp-test.c">
      <Filter>Source Files</Filter>
    </ClCompile>
  </ItemGroup>
  <ItemGroup>
    <None Include=".gitignore" />
    <None Include="MIT.original\MIT.qml">
      <Filter>Source Files</Filter>
    </None>
    <None Include="MuseScoreRessources\readme.md" />
    <None Include="MuseScoreRessources\CMakeSettings_for_VS2022\CMakeSettings.json" />
    <None Include="MuseScoreRessources\CMake\cmake-3.25.1-windows-i386.msi" />
    <None Include="MuseScoreRessources\CMake\cmake-3.25.1-windows-x86_64.msi" />
    <None Include="MuseScoreRessources\dependencies.7z" />
    <None Include="MuseScoreRessources\DependenciesContent\dependencies\.DS_Store" />
    <None Include="MuseScoreRessources\DependenciesContent\dependencies\include\lame\lame.def">
      <Filter>Source Files</Filter>
    </None>
    <None Include="MuseScoreRessources\Jack\jackaudio.github.com-1.9.10_6-jack2.zip" />
    <None Include="MuseScoreRessources\Jack\Jack_v1.9.10_64_setup.exe" />
    <None Include="MIT.original\MIT\essai.qml">
      <Filter>Source Files</Filter>
    </None>
    <None Include="tests.qml">
      <Filter>Source Files</Filter>
    </None>
    <None Include="MIT.original\mit001.qml">
      <Filter>Source Files</Filter>
    </None>
    <None Include=".gitattributes" />
    <None Include="readme.md" />
    <None Include="GNUC\posix\posix-envs.def">
      <Filter>Source Files</Filter>
    </None>
  </ItemGroup>
  <ItemGroup>
    <ClInclude Include="MuseScoreRessources\DependenciesContent\dependencies\include\lame\lame.h">
      <Filter>Header Files</Filter>
    </ClInclude>
    <ClInclude Include="MuseScoreRessources\DependenciesContent\dependencies\include\ogg\ogg.h">
      <Filter>Header Files</Filter>
    </ClInclude>
    <ClInclude Include="MuseScoreRessources\DependenciesContent\dependencies\include\ogg\os_types.h">
      <Filter>Header Files</Filter>
    </ClInclude>
    <ClInclude Include="MuseScoreRessources\DependenciesContent\dependencies\include\portaudio.h">
      <Filter>Header Files</Filter>
    </ClInclude>
    <ClInclude Include="MuseScoreRessources\DependenciesContent\dependencies\include\sndfile.h">
      <Filter>Header Files</Filter>
    </ClInclude>
    <ClInclude Include="MuseScoreRessources\DependenciesContent\dependencies\include\vorbis\codec.h">
      <Filter>Header Files</Filter>
    </ClInclude>
    <ClInclude Include="MuseScoreRessources\DependenciesContent\dependencies\include\vorbis\vorbisenc.h">
      <Filter>Header Files</Filter>
    </ClInclude>
    <ClInclude Include="MuseScoreRessources\DependenciesContent\dependencies\include\vorbis\vorbisfile.h">
      <Filter>Header Files</Filter>
    </ClInclude>
    <ClInclude Include="MuseScoreRessources\DependenciesContent\dependencies\include\winsparkle\winsparkle-version.h">
      <Filter>Header Files</Filter>
    </ClInclude>
    <ClInclude Include="MuseScoreRessources\DependenciesContent\dependencies\include\winsparkle\winsparkle.h">
      <Filter>Header Files</Filter>
    </ClInclude>
    <ClInclude Include="MuseScoreRessources\DependenciesContent\dependencies\include\zlib\crypt.h">
      <Filter>Header Files</Filter>
    </ClInclude>
    <ClInclude Include="MuseScoreRessources\DependenciesContent\dependencies\include\zlib\ioapi.h">
      <Filter>Header Files</Filter>
    </ClInclude>
    <ClInclude Include="MuseScoreRessources\DependenciesContent\dependencies\include\zlib\iowin32.h">
      <Filter>Header Files</Filter>
    </ClInclude>
    <ClInclude Include="MuseScoreRessources\DependenciesContent\dependencies\include\zlib\mztools.h">
      <Filter>Header Files</Filter>
    </ClInclude>
    <ClInclude Include="MuseScoreRessources\DependenciesContent\dependencies\include\zlib\unzip.h">
      <Filter>Header Files</Filter>
    </ClInclude>
    <ClInclude Include="MuseScoreRessources\DependenciesContent\dependencies\include\zlib\zconf.h">
      <Filter>Header Files</Filter>
    </ClInclude>
    <ClInclude Include="MuseScoreRessources\DependenciesContent\dependencies\include\zlib\zip.h">
      <Filter>Header Files</Filter>
    </ClInclude>
    <ClInclude Include="MuseScoreRessources\DependenciesContent\dependencies\include\zlib\zlib.h">
      <Filter>Header Files</Filter>
    </ClInclude>
    <ClInclude Include="GNUC\posix\bits\cpu-set.h">
      <Filter>Header Files</Filter>
    </ClInclude>
    <ClInclude Include="GNUC\posix\bits\getopt_core.h">
      <Filter>Header Files</Filter>
    </ClInclude>
    <ClInclude Include="GNUC\posix\bits\getopt_ext.h">
      <Filter>Header Files</Filter>
    </ClInclude>
    <ClInclude Include="GNUC\posix\bits\getopt_posix.h">
      <Filter>Header Files</Filter>
    </ClInclude>
    <ClInclude Include="GNUC\posix\bits\posix1_lim.h">
      <Filter>Header Files</Filter>
    </ClInclude>
    <ClInclude Include="GNUC\posix\bits\posix2_lim.h">
      <Filter>Header Files</Filter>
    </ClInclude>
    <ClInclude Include="GNUC\posix\bits\types.h">
      <Filter>Header Files</Filter>
    </ClInclude>
    <ClInclude Include="GNUC\posix\bits\unistd.h">
      <Filter>Header Files</Filter>
    </ClInclude>
    <ClInclude Include="GNUC\posix\sys\times.h">
      <Filter>Header Files</Filter>
    </ClInclude>
    <ClInclude Include="GNUC\posix\sys\types.h">
      <Filter>Header Files</Filter>
    </ClInclude>
    <ClInclude Include="GNUC\posix\sys\unistd.h">
      <Filter>Header Files</Filter>
    </ClInclude>
    <ClInclude Include="GNUC\posix\sys\utsname.h">
      <Filter>Header Files</Filter>
    </ClInclude>
    <ClInclude Include="GNUC\posix\sys\wait.h">
      <Filter>Header Files</Filter>
    </ClInclude>
    <ClInclude Include="GNUC\posix\cpio.h">
      <Filter>Header Files</Filter>
    </ClInclude>
    <ClInclude Include="GNUC\posix\flexmember.h">
      <Filter>Header Files</Filter>
    </ClInclude>
    <ClInclude Include="GNUC\posix\fnmatch.h">
      <Filter>Header Files</Filter>
    </ClInclude>
    <ClInclude Include="GNUC\posix\getopt.h">
      <Filter>Header Files</Filter>
    </ClInclude>
    <ClInclude Include="GNUC\posix\getopt_int.h">
      <Filter>Header Files</Filter>
    </ClInclude>
    <ClInclude Include="GNUC\posix\glob.h">
      <Filter>Header Files</Filter>
    </ClInclude>
    <ClInclude Include="GNUC\posix\glob_internal.h">
      <Filter>Header Files</Filter>
    </ClInclude>
    <ClInclude Include="GNUC\posix\posix-conf-vars.h">
      <Filter>Header Files</Filter>
    </ClInclude>
    <ClInclude Include="GNUC\posix\re_comp.h">
      <Filter>Header Files</Filter>
    </ClInclude>
    <ClInclude Include="GNUC\posix\regex.h">
      <Filter>Header Files</Filter>
    </ClInclude>
    <ClInclude Include="GNUC\posix\regex_internal.h">
      <Filter>Header Files</Filter>
    </ClInclude>
    <ClInclude Include="GNUC\posix\sched.h">
      <Filter>Header Files</Filter>
    </ClInclude>
    <ClInclude Include="GNUC\posix\spawn.h">
      <Filter>Header Files</Filter>
    </ClInclude>
    <ClInclude Include="GNUC\posix\spawn_int.h">
      <Filter>Header Files</Filter>
    </ClInclude>
    <ClInclude Include="GNUC\posix\tar.h">
      <Filter>Header Files</Filter>
    </ClInclude>
    <ClInclude Include="GNUC\posix\uname-values.h">
      <Filter>Header Files</Filter>
    </ClInclude>
    <ClInclude Include="GNUC\posix\unistd.h">
      <Filter>Header Files</Filter>
    </ClInclude>
    <ClInclude Include="GNUC\posix\wait.h">
      <Filter>Header Files</Filter>
    </ClInclude>
    <ClInclude Include="GNUC\posix\wordexp.h">
      <Filter>Header Files</Filter>
    </ClInclude>
  </ItemGroup>
  <ItemGroup>
    <Image Include="MuseScoreRessources\ExplorerSolution.png">
      <Filter>Resource Files</Filter>
    </Image>
  </ItemGroup>
  <ItemGroup>
    <QtUic Include="MIT.original\MIT\MainWindow.ui">
      <Filter>Form Files</Filter>
    </QtUic>
  </ItemGroup>
  <ItemGroup>
    <Text Include="LICENSE.txt" />
  </ItemGroup>
</Project>