<?xml version="1.0" encoding="utf-8"?>
<Project ToolsVersion="4.0" xmlns="http://schemas.microsoft.com/developer/msbuild/2003">
  <ItemGroup>
    <Filter Include="Source Files">
      <UniqueIdentifier>{4FC737F1-C7A5-4376-A066-2A32D752A2FF}</UniqueIdentifier>
      <Extensions>qml;cpp;c;cc;cxx;def;odl;idl;hpj;bat;asm;asmx</Extensions>
    </Filter>
    <Filter Include="Header Files">
      <UniqueIdentifier>{93995380-89BD-4b04-88EB-625FBE52EBFB}</UniqueIdentifier>
      <Extensions>h;hh;hpp;hxx;hm;inl;inc;xsd</Extensions>
    </Filter>
    <Filter Include="Resource Files">
      <UniqueIdentifier>{67DA6AB6-F800-4c08-8B7A-83BB121AAD01}</UniqueIdentifier>
      <Extensions>qrc;rc;ico;cur;bmp;dlg;rc2;rct;bin;rgs;gif;jpg;jpeg;jpe;resx;tiff;tif;png;wav;mfcribbon-ms</Extensions>
    </Filter>
    <Filter Include="Form Files">
      <UniqueIdentifier>{99349809-55BA-4b9d-BF79-8FDBB0286EB3}</UniqueIdentifier>
      <Extensions>ui</Extensions>
    </Filter>
    <Filter Include="Translation Files">
      <UniqueIdentifier>{639EADAA-A684-42e4-A9AD-28FC9BCB8F7C}</UniqueIdentifier>
      <Extensions>ts</Extensions>
    </Filter>
  </ItemGroup>
  <ItemGroup>
    <ClCompile Include="main.cpp">
      <Filter>Source Files</Filter>
    </ClCompile>
    <QtRcc Include="qml.qrc">
      <Filter>Resource Files</Filter>
    </QtRcc>
    <None Include="main.qml">
      <Filter>Source Files</Filter>
    </None>
    <ClCompile Include="MIT.original\MIT\MIT.c">
      <Filter>Source Files</Filter>
    </ClCompile>
    <ClCompile Include="MIT.original\MIT\stopMIT.c">
      <Filter>Source Files</Filter>
    </ClCompile>
  </ItemGroup>
  <ItemGroup>
    <None Include=".gitignore" />
    <None Include="MIT.original\MIT.qml">
      <Filter>Source Files</Filter>
    </None>
    <None Include="MuseScoreRessources\readme.md" />
    <None Include="MuseScoreRessources\CMakeSettings_for_VS2022\CMakeSettings.json" />
    <None Include="MuseScoreRessources\CMake\cmake-3.25.1-windows-i386.msi" />
    <None Include="MuseScoreRessources\CMake\cmake-3.25.1-windows-x86_64.msi" />
    <None Include="MuseScoreRessources\dependencies.7z" />
    <None Include="MuseScoreRessources\DependenciesContent\dependencies\.DS_Store" />
    <None Include="MuseScoreRessources\DependenciesContent\dependencies\include\lame\lame.def">
      <Filter>Source Files</Filter>
    </None>
    <None Include="MuseScoreRessources\Jack\jackaudio.github.com-1.9.10_6-jack2.zip" />
    <None Include="MuseScoreRessources\Jack\Jack_v1.9.10_64_setup.exe" />
    <None Include="MIT.original\MIT\essai.qml">
      <Filter>Source Files</Filter>
    </None>
    <None Include="tests.qml">
      <Filter>Source Files</Filter>
    </None>
    <None Include="MIT.original\mit001.qml">
      <Filter>Source Files</Filter>
    </None>
    <None Include=".gitattributes" />
    <None Include="readme.md" />
  </ItemGroup>
  <ItemGroup>
    <ClInclude Include="MuseScoreRessources\DependenciesContent\dependencies\include\lame\lame.h">
      <Filter>Header Files</Filter>
    </ClInclude>
    <ClInclude Include="MuseScoreRessources\DependenciesContent\dependencies\include\ogg\ogg.h">
      <Filter>Header Files</Filter>
    </ClInclude>
    <ClInclude Include="MuseScoreRessources\DependenciesContent\dependencies\include\ogg\os_types.h">
      <Filter>Header Files</Filter>
    </ClInclude>
    <ClInclude Include="MuseScoreRessources\DependenciesContent\dependencies\include\portaudio.h">
      <Filter>Header Files</Filter>
    </ClInclude>
    <ClInclude Include="MuseScoreRessources\DependenciesContent\dependencies\include\sndfile.h">
      <Filter>Header Files</Filter>
    </ClInclude>
    <ClInclude Include="MuseScoreRessources\DependenciesContent\dependencies\include\vorbis\codec.h">
      <Filter>Header Files</Filter>
    </ClInclude>
    <ClInclude Include="MuseScoreRessources\DependenciesContent\dependencies\include\vorbis\vorbisenc.h">
      <Filter>Header Files</Filter>
    </ClInclude>
    <ClInclude Include="MuseScoreRessources\DependenciesContent\dependencies\include\vorbis\vorbisfile.h">
      <Filter>Header Files</Filter>
    </ClInclude>
    <ClInclude Include="MuseScoreRessources\DependenciesContent\dependencies\include\winsparkle\winsparkle-version.h">
      <Filter>Header Files</Filter>
    </ClInclude>
    <ClInclude Include="MuseScoreRessources\DependenciesContent\dependencies\include\winsparkle\winsparkle.h">
      <Filter>Header Files</Filter>
    </ClInclude>
    <ClInclude Include="MuseScoreRessources\DependenciesContent\dependencies\include\zlib\crypt.h">
      <Filter>Header Files</Filter>
    </ClInclude>
    <ClInclude Include="MuseScoreRessources\DependenciesContent\dependencies\include\zlib\ioapi.h">
      <Filter>Header Files</Filter>
    </ClInclude>
    <ClInclude Include="MuseScoreRessources\DependenciesContent\dependencies\include\zlib\iowin32.h">
      <Filter>Header Files</Filter>
    </ClInclude>
    <ClInclude Include="MuseScoreRessources\DependenciesContent\dependencies\include\zlib\mztools.h">
      <Filter>Header Files</Filter>
    </ClInclude>
    <ClInclude Include="MuseScoreRessources\DependenciesContent\dependencies\include\zlib\unzip.h">
      <Filter>Header Files</Filter>
    </ClInclude>
    <ClInclude Include="MuseScoreRessources\DependenciesContent\dependencies\include\zlib\zconf.h">
      <Filter>Header Files</Filter>
    </ClInclude>
    <ClInclude Include="MuseScoreRessources\DependenciesContent\dependencies\include\zlib\zip.h">
      <Filter>Header Files</Filter>
    </ClInclude>
    <ClInclude Include="MuseScoreRessources\DependenciesContent\dependencies\include\zlib\zlib.h">
      <Filter>Header Files</Filter>
    </ClInclude>
  </ItemGroup>
  <ItemGroup>
    <Image Include="MuseScoreRessources\ExplorerSolution.png">
      <Filter>Resource Files</Filter>
    </Image>
  </ItemGroup>
  <ItemGroup>
    <QtUic Include="MIT.original\MIT\MainWindow.ui">
      <Filter>Form Files</Filter>
    </QtUic>
  </ItemGroup>
  <ItemGroup>
    <Text Include="LICENSE.txt" />
  </ItemGroup>
</Project>